{
  "name": "npm_install_test_jens-fs-json",
  "lockfileVersion": 3,
  "requires": true,
  "packages": {
    "": {
      "devDependencies": {
        "simon-fs-json": "^1.1.0"
      }
    },
    "node_modules/simon-fs-json": {
      "version": "1.1.0",
      "resolved": "https://registry.npmjs.org/simon-fs-json/-/simon-fs-json-1.1.0.tgz",
      "integrity": "sha512-lHW/TucinL1R776IIWxpWkrW8QRXRBFxDRlc3yHh8PW++VxNVCWXuVBtrqr3QIKU0P1nBZyyDhuQfPtcBHouQA==",
      "dev": true,
      "license": "ISC"
    }
  }
}
